// !$*UTF8*$!
{
	archiveVersion = 1;
	classes = {
	};
	objectVersion = 77;
	objects = {

/* Begin PBXBuildFile section */
		ABB409C22DDAC673008DCD0E /* HapticTimerWatch Watch App.app in Embed Watch Content */ = {isa = PBXBuildFile; fileRef = ABB409C12DDAC673008DCD0E /* HapticTimerWatch Watch App.app */; settings = {ATTRIBUTES = (RemoveHeadersOnCopy, ); }; };
/* End PBXBuildFile section */

/* Begin PBXContainerItemProxy section */
		ABB4099E2DDAC611008DCD0E /* PBXContainerItemProxy */ = {
			isa = PBXContainerItemProxy;
			containerPortal = ABB409882DDAC610008DCD0E /* Project object */;
			proxyType = 1;
			remoteGlobalIDString = ABB4098F2DDAC610008DCD0E;
			remoteInfo = HapticTimer;
		};
		ABB409A82DDAC611008DCD0E /* PBXContainerItemProxy */ = {
			isa = PBXContainerItemProxy;
			containerPortal = ABB409882DDAC610008DCD0E /* Project object */;
			proxyType = 1;
			remoteGlobalIDString = ABB4098F2DDAC610008DCD0E;
			remoteInfo = HapticTimer;
		};
		ABB409C32DDAC673008DCD0E /* PBXContainerItemProxy */ = {
			isa = PBXContainerItemProxy;
			containerPortal = ABB409882DDAC610008DCD0E /* Project object */;
			proxyType = 1;
			remoteGlobalIDString = ABB409C02DDAC673008DCD0E;
			remoteInfo = "HapticTimerWatch Watch App";
		};
		ABB409D12DDAC674008DCD0E /* PBXContainerItemProxy */ = {
			isa = PBXContainerItemProxy;
			containerPortal = ABB409882DDAC610008DCD0E /* Project object */;
			proxyType = 1;
			remoteGlobalIDString = ABB409C02DDAC673008DCD0E;
			remoteInfo = "HapticTimerWatch Watch App";
		};
		ABB409DB2DDAC674008DCD0E /* PBXContainerItemProxy */ = {
			isa = PBXContainerItemProxy;
			containerPortal = ABB409882DDAC610008DCD0E /* Project object */;
			proxyType = 1;
			remoteGlobalIDString = ABB409C02DDAC673008DCD0E;
			remoteInfo = "HapticTimerWatch Watch App";
		};
/* End PBXContainerItemProxy section */

/* Begin PBXCopyFilesBuildPhase section */
		ABB409E52DDAC675008DCD0E /* Embed Watch Content */ = {
			isa = PBXCopyFilesBuildPhase;
			buildActionMask = 2147483647;
			dstPath = "$(CONTENTS_FOLDER_PATH)/Watch";
			dstSubfolderSpec = 16;
			files = (
				ABB409C22DDAC673008DCD0E /* HapticTimerWatch Watch App.app in Embed Watch Content */,
			);
			name = "Embed Watch Content";
			runOnlyForDeploymentPostprocessing = 0;
		};
/* End PBXCopyFilesBuildPhase section */

/* Begin PBXFileReference section */
		ABB409902DDAC610008DCD0E /* HapticTimer.app */ = {isa = PBXFileReference; explicitFileType = wrapper.application; includeInIndex = 0; path = HapticTimer.app; sourceTree = BUILT_PRODUCTS_DIR; };
		ABB4099D2DDAC611008DCD0E /* HapticTimerTests.xctest */ = {isa = PBXFileReference; explicitFileType = wrapper.cfbundle; includeInIndex = 0; path = HapticTimerTests.xctest; sourceTree = BUILT_PRODUCTS_DIR; };
		ABB409A72DDAC611008DCD0E /* HapticTimerUITests.xctest */ = {isa = PBXFileReference; explicitFileType = wrapper.cfbundle; includeInIndex = 0; path = HapticTimerUITests.xctest; sourceTree = BUILT_PRODUCTS_DIR; };
		ABB409BC2DDAC673008DCD0E /* HapticTimerWatch.app */ = {isa = PBXFileReference; explicitFileType = wrapper.application; includeInIndex = 0; path = HapticTimerWatch.app; sourceTree = BUILT_PRODUCTS_DIR; };
		ABB409C12DDAC673008DCD0E /* HapticTimerWatch Watch App.app */ = {isa = PBXFileReference; explicitFileType = wrapper.application; includeInIndex = 0; path = "HapticTimerWatch Watch App.app"; sourceTree = BUILT_PRODUCTS_DIR; };
		ABB409D02DDAC674008DCD0E /* HapticTimerWatch Watch AppTests.xctest */ = {isa = PBXFileReference; explicitFileType = wrapper.cfbundle; includeInIndex = 0; path = "HapticTimerWatch Watch AppTests.xctest"; sourceTree = BUILT_PRODUCTS_DIR; };
		ABB409DA2DDAC674008DCD0E /* HapticTimerWatch Watch AppUITests.xctest */ = {isa = PBXFileReference; explicitFileType = wrapper.cfbundle; includeInIndex = 0; path = "HapticTimerWatch Watch AppUITests.xctest"; sourceTree = BUILT_PRODUCTS_DIR; };
/* End PBXFileReference section */

/* Begin PBXFileSystemSynchronizedBuildFileExceptionSet section */
		ABB409F42DDAD50F008DCD0E /* Exceptions for "HapticTimerWatch Watch App" folder in "HapticTimer" target */ = {
			isa = PBXFileSystemSynchronizedBuildFileExceptionSet;
			membershipExceptions = (
				ContentView.swift,
			);
			target = ABB4098F2DDAC610008DCD0E /* HapticTimer */;
		};
/* End PBXFileSystemSynchronizedBuildFileExceptionSet section */

/* Begin PBXFileSystemSynchronizedRootGroup section */
		ABB409922DDAC610008DCD0E /* HapticTimer */ = {
			isa = PBXFileSystemSynchronizedRootGroup;
			path = HapticTimer;
			sourceTree = "<group>";
		};
		ABB409A02DDAC611008DCD0E /* HapticTimerTests */ = {
			isa = PBXFileSystemSynchronizedRootGroup;
			path = HapticTimerTests;
			sourceTree = "<group>";
		};
		ABB409AA2DDAC611008DCD0E /* HapticTimerUITests */ = {
			isa = PBXFileSystemSynchronizedRootGroup;
			path = HapticTimerUITests;
			sourceTree = "<group>";
		};
		ABB409C52DDAC673008DCD0E /* HapticTimerWatch Watch App */ = {
			isa = PBXFileSystemSynchronizedRootGroup;
			exceptions = (
				ABB409F42DDAD50F008DCD0E /* Exceptions for "HapticTimerWatch Watch App" folder in "HapticTimer" target */,
			);
			path = "HapticTimerWatch Watch App";
			sourceTree = "<group>";
		};
		ABB409D32DDAC674008DCD0E /* HapticTimerWatch Watch AppTests */ = {
			isa = PBXFileSystemSynchronizedRootGroup;
			path = "HapticTimerWatch Watch AppTests";
			sourceTree = "<group>";
		};
		ABB409DD2DDAC674008DCD0E /* HapticTimerWatch Watch AppUITests */ = {
			isa = PBXFileSystemSynchronizedRootGroup;
			path = "HapticTimerWatch Watch AppUITests";
			sourceTree = "<group>";
		};
/* End PBXFileSystemSynchronizedRootGroup section */

/* Begin PBXFrameworksBuildPhase section */
		ABB4098D2DDAC610008DCD0E /* Frameworks */ = {
			isa = PBXFrameworksBuildPhase;
			buildActionMask = 2147483647;
			files = (
			);
			runOnlyForDeploymentPostprocessing = 0;
		};
		ABB4099A2DDAC611008DCD0E /* Frameworks */ = {
			isa = PBXFrameworksBuildPhase;
			buildActionMask = 2147483647;
			files = (
			);
			runOnlyForDeploymentPostprocessing = 0;
		};
		ABB409A42DDAC611008DCD0E /* Frameworks */ = {
			isa = PBXFrameworksBuildPhase;
			buildActionMask = 2147483647;
			files = (
			);
			runOnlyForDeploymentPostprocessing = 0;
		};
		ABB409BE2DDAC673008DCD0E /* Frameworks */ = {
			isa = PBXFrameworksBuildPhase;
			buildActionMask = 2147483647;
			files = (
			);
			runOnlyForDeploymentPostprocessing = 0;
		};
		ABB409CD2DDAC674008DCD0E /* Frameworks */ = {
			isa = PBXFrameworksBuildPhase;
			buildActionMask = 2147483647;
			files = (
			);
			runOnlyForDeploymentPostprocessing = 0;
		};
		ABB409D72DDAC674008DCD0E /* Frameworks */ = {
			isa = PBXFrameworksBuildPhase;
			buildActionMask = 2147483647;
			files = (
			);
			runOnlyForDeploymentPostprocessing = 0;
		};
/* End PBXFrameworksBuildPhase section */

/* Begin PBXGroup section */
		ABB409872DDAC610008DCD0E = {
			isa = PBXGroup;
			children = (
				ABB409922DDAC610008DCD0E /* HapticTimer */,
				ABB409A02DDAC611008DCD0E /* HapticTimerTests */,
				ABB409AA2DDAC611008DCD0E /* HapticTimerUITests */,
				ABB409C52DDAC673008DCD0E /* HapticTimerWatch Watch App */,
				ABB409D32DDAC674008DCD0E /* HapticTimerWatch Watch AppTests */,
				ABB409DD2DDAC674008DCD0E /* HapticTimerWatch Watch AppUITests */,
				ABB409912DDAC610008DCD0E /* Products */,
			);
			sourceTree = "<group>";
		};
		ABB409912DDAC610008DCD0E /* Products */ = {
			isa = PBXGroup;
			children = (
				ABB409902DDAC610008DCD0E /* HapticTimer.app */,
				ABB4099D2DDAC611008DCD0E /* HapticTimerTests.xctest */,
				ABB409A72DDAC611008DCD0E /* HapticTimerUITests.xctest */,
				ABB409BC2DDAC673008DCD0E /* HapticTimerWatch.app */,
				ABB409C12DDAC673008DCD0E /* HapticTimerWatch Watch App.app */,
				ABB409D02DDAC674008DCD0E /* HapticTimerWatch Watch AppTests.xctest */,
				ABB409DA2DDAC674008DCD0E /* HapticTimerWatch Watch AppUITests.xctest */,
			);
			name = Products;
			sourceTree = "<group>";
		};
/* End PBXGroup section */

/* Begin PBXNativeTarget section */
		ABB4098F2DDAC610008DCD0E /* HapticTimer */ = {
			isa = PBXNativeTarget;
			buildConfigurationList = ABB409B12DDAC611008DCD0E /* Build configuration list for PBXNativeTarget "HapticTimer" */;
			buildPhases = (
				ABB4098C2DDAC610008DCD0E /* Sources */,
				ABB4098D2DDAC610008DCD0E /* Frameworks */,
				ABB4098E2DDAC610008DCD0E /* Resources */,
			);
			buildRules = (
			);
			dependencies = (
			);
			fileSystemSynchronizedGroups = (
				ABB409922DDAC610008DCD0E /* HapticTimer */,
			);
			name = HapticTimer;
			packageProductDependencies = (
			);
			productName = HapticTimer;
			productReference = ABB409902DDAC610008DCD0E /* HapticTimer.app */;
			productType = "com.apple.product-type.application";
		};
		ABB4099C2DDAC611008DCD0E /* HapticTimerTests */ = {
			isa = PBXNativeTarget;
			buildConfigurationList = ABB409B42DDAC611008DCD0E /* Build configuration list for PBXNativeTarget "HapticTimerTests" */;
			buildPhases = (
				ABB409992DDAC611008DCD0E /* Sources */,
				ABB4099A2DDAC611008DCD0E /* Frameworks */,
				ABB4099B2DDAC611008DCD0E /* Resources */,
			);
			buildRules = (
			);
			dependencies = (
				ABB4099F2DDAC611008DCD0E /* PBXTargetDependency */,
			);
			fileSystemSynchronizedGroups = (
				ABB409A02DDAC611008DCD0E /* HapticTimerTests */,
			);
			name = HapticTimerTests;
			packageProductDependencies = (
			);
			productName = HapticTimerTests;
			productReference = ABB4099D2DDAC611008DCD0E /* HapticTimerTests.xctest */;
			productType = "com.apple.product-type.bundle.unit-test";
		};
		ABB409A62DDAC611008DCD0E /* HapticTimerUITests */ = {
			isa = PBXNativeTarget;
			buildConfigurationList = ABB409B72DDAC611008DCD0E /* Build configuration list for PBXNativeTarget "HapticTimerUITests" */;
			buildPhases = (
				ABB409A32DDAC611008DCD0E /* Sources */,
				ABB409A42DDAC611008DCD0E /* Frameworks */,
				ABB409A52DDAC611008DCD0E /* Resources */,
			);
			buildRules = (
			);
			dependencies = (
				ABB409A92DDAC611008DCD0E /* PBXTargetDependency */,
			);
			fileSystemSynchronizedGroups = (
				ABB409AA2DDAC611008DCD0E /* HapticTimerUITests */,
			);
			name = HapticTimerUITests;
			packageProductDependencies = (
			);
			productName = HapticTimerUITests;
			productReference = ABB409A72DDAC611008DCD0E /* HapticTimerUITests.xctest */;
			productType = "com.apple.product-type.bundle.ui-testing";
		};
		ABB409BB2DDAC673008DCD0E /* HapticTimerWatch */ = {
			isa = PBXNativeTarget;
			buildConfigurationList = ABB409E62DDAC675008DCD0E /* Build configuration list for PBXNativeTarget "HapticTimerWatch" */;
			buildPhases = (
				ABB409BA2DDAC673008DCD0E /* Resources */,
				ABB409E52DDAC675008DCD0E /* Embed Watch Content */,
			);
			buildRules = (
			);
			dependencies = (
				ABB409C42DDAC673008DCD0E /* PBXTargetDependency */,
			);
			name = HapticTimerWatch;
			packageProductDependencies = (
			);
			productName = HapticTimerWatch;
			productReference = ABB409BC2DDAC673008DCD0E /* HapticTimerWatch.app */;
			productType = "com.apple.product-type.application.watchapp2-container";
		};
		ABB409C02DDAC673008DCD0E /* HapticTimerWatch Watch App */ = {
			isa = PBXNativeTarget;
			buildConfigurationList = ABB409E22DDAC675008DCD0E /* Build configuration list for PBXNativeTarget "HapticTimerWatch Watch App" */;
			buildPhases = (
				ABB409BD2DDAC673008DCD0E /* Sources */,
				ABB409BE2DDAC673008DCD0E /* Frameworks */,
				ABB409BF2DDAC673008DCD0E /* Resources */,
			);
			buildRules = (
			);
			dependencies = (
			);
			fileSystemSynchronizedGroups = (
				ABB409C52DDAC673008DCD0E /* HapticTimerWatch Watch App */,
			);
			name = "HapticTimerWatch Watch App";
			packageProductDependencies = (
			);
			productName = "HapticTimerWatch Watch App";
			productReference = ABB409C12DDAC673008DCD0E /* HapticTimerWatch Watch App.app */;
			productType = "com.apple.product-type.application";
		};
		ABB409CF2DDAC674008DCD0E /* HapticTimerWatch Watch AppTests */ = {
			isa = PBXNativeTarget;
			buildConfigurationList = ABB409E92DDAC675008DCD0E /* Build configuration list for PBXNativeTarget "HapticTimerWatch Watch AppTests" */;
			buildPhases = (
				ABB409CC2DDAC674008DCD0E /* Sources */,
				ABB409CD2DDAC674008DCD0E /* Frameworks */,
				ABB409CE2DDAC674008DCD0E /* Resources */,
			);
			buildRules = (
			);
			dependencies = (
				ABB409D22DDAC674008DCD0E /* PBXTargetDependency */,
			);
			fileSystemSynchronizedGroups = (
				ABB409D32DDAC674008DCD0E /* HapticTimerWatch Watch AppTests */,
			);
			name = "HapticTimerWatch Watch AppTests";
			packageProductDependencies = (
			);
			productName = "HapticTimerWatch Watch AppTests";
			productReference = ABB409D02DDAC674008DCD0E /* HapticTimerWatch Watch AppTests.xctest */;
			productType = "com.apple.product-type.bundle.unit-test";
		};
		ABB409D92DDAC674008DCD0E /* HapticTimerWatch Watch AppUITests */ = {
			isa = PBXNativeTarget;
			buildConfigurationList = ABB409EC2DDAC675008DCD0E /* Build configuration list for PBXNativeTarget "HapticTimerWatch Watch AppUITests" */;
			buildPhases = (
				ABB409D62DDAC674008DCD0E /* Sources */,
				ABB409D72DDAC674008DCD0E /* Frameworks */,
				ABB409D82DDAC674008DCD0E /* Resources */,
			);
			buildRules = (
			);
			dependencies = (
				ABB409DC2DDAC674008DCD0E /* PBXTargetDependency */,
			);
			fileSystemSynchronizedGroups = (
				ABB409DD2DDAC674008DCD0E /* HapticTimerWatch Watch AppUITests */,
			);
			name = "HapticTimerWatch Watch AppUITests";
			packageProductDependencies = (
			);
			productName = "HapticTimerWatch Watch AppUITests";
			productReference = ABB409DA2DDAC674008DCD0E /* HapticTimerWatch Watch AppUITests.xctest */;
			productType = "com.apple.product-type.bundle.ui-testing";
		};
/* End PBXNativeTarget section */

/* Begin PBXProject section */
		ABB409882DDAC610008DCD0E /* Project object */ = {
			isa = PBXProject;
			attributes = {
				BuildIndependentTargetsInParallel = 1;
				LastSwiftUpdateCheck = 1630;
				LastUpgradeCheck = 1630;
				TargetAttributes = {
					ABB4098F2DDAC610008DCD0E = {
						CreatedOnToolsVersion = 16.3;
					};
					ABB4099C2DDAC611008DCD0E = {
						CreatedOnToolsVersion = 16.3;
						TestTargetID = ABB4098F2DDAC610008DCD0E;
					};
					ABB409A62DDAC611008DCD0E = {
						CreatedOnToolsVersion = 16.3;
						TestTargetID = ABB4098F2DDAC610008DCD0E;
					};
					ABB409BB2DDAC673008DCD0E = {
						CreatedOnToolsVersion = 16.3;
					};
					ABB409C02DDAC673008DCD0E = {
						CreatedOnToolsVersion = 16.3;
					};
					ABB409CF2DDAC674008DCD0E = {
						CreatedOnToolsVersion = 16.3;
						TestTargetID = ABB409C02DDAC673008DCD0E;
					};
					ABB409D92DDAC674008DCD0E = {
						CreatedOnToolsVersion = 16.3;
						TestTargetID = ABB409C02DDAC673008DCD0E;
					};
				};
			};
			buildConfigurationList = ABB4098B2DDAC610008DCD0E /* Build configuration list for PBXProject "HapticTimer" */;
			developmentRegion = en;
			hasScannedForEncodings = 0;
			knownRegions = (
				en,
				Base,
			);
			mainGroup = ABB409872DDAC610008DCD0E;
			minimizedProjectReferenceProxies = 1;
			preferredProjectObjectVersion = 77;
			productRefGroup = ABB409912DDAC610008DCD0E /* Products */;
			projectDirPath = "";
			projectRoot = "";
			targets = (
				ABB4098F2DDAC610008DCD0E /* HapticTimer */,
				ABB4099C2DDAC611008DCD0E /* HapticTimerTests */,
				ABB409A62DDAC611008DCD0E /* HapticTimerUITests */,
				ABB409BB2DDAC673008DCD0E /* HapticTimerWatch */,
				ABB409C02DDAC673008DCD0E /* HapticTimerWatch Watch App */,
				ABB409CF2DDAC674008DCD0E /* HapticTimerWatch Watch AppTests */,
				ABB409D92DDAC674008DCD0E /* HapticTimerWatch Watch AppUITests */,
			);
		};
/* End PBXProject section */

/* Begin PBXResourcesBuildPhase section */
		ABB4098E2DDAC610008DCD0E /* Resources */ = {
			isa = PBXResourcesBuildPhase;
			buildActionMask = 2147483647;
			files = (
			);
			runOnlyForDeploymentPostprocessing = 0;
		};
		ABB4099B2DDAC611008DCD0E /* Resources */ = {
			isa = PBXResourcesBuildPhase;
			buildActionMask = 2147483647;
			files = (
			);
			runOnlyForDeploymentPostprocessing = 0;
		};
		ABB409A52DDAC611008DCD0E /* Resources */ = {
			isa = PBXResourcesBuildPhase;
			buildActionMask = 2147483647;
			files = (
			);
			runOnlyForDeploymentPostprocessing = 0;
		};
		ABB409BA2DDAC673008DCD0E /* Resources */ = {
			isa = PBXResourcesBuildPhase;
			buildActionMask = 2147483647;
			files = (
			);
			runOnlyForDeploymentPostprocessing = 0;
		};
		ABB409BF2DDAC673008DCD0E /* Resources */ = {
			isa = PBXResourcesBuildPhase;
			buildActionMask = 2147483647;
			files = (
			);
			runOnlyForDeploymentPostprocessing = 0;
		};
		ABB409CE2DDAC674008DCD0E /* Resources */ = {
			isa = PBXResourcesBuildPhase;
			buildActionMask = 2147483647;
			files = (
			);
			runOnlyForDeploymentPostprocessing = 0;
		};
		ABB409D82DDAC674008DCD0E /* Resources */ = {
			isa = PBXResourcesBuildPhase;
			buildActionMask = 2147483647;
			files = (
			);
			runOnlyForDeploymentPostprocessing = 0;
		};
/* End PBXResourcesBuildPhase section */

/* Begin PBXSourcesBuildPhase section */
		ABB4098C2DDAC610008DCD0E /* Sources */ = {
			isa = PBXSourcesBuildPhase;
			buildActionMask = 2147483647;
			files = (
			);
			runOnlyForDeploymentPostprocessing = 0;
		};
		ABB409992DDAC611008DCD0E /* Sources */ = {
			isa = PBXSourcesBuildPhase;
			buildActionMask = 2147483647;
			files = (
			);
			runOnlyForDeploymentPostprocessing = 0;
		};
		ABB409A32DDAC611008DCD0E /* Sources */ = {
			isa = PBXSourcesBuildPhase;
			buildActionMask = 2147483647;
			files = (
			);
			runOnlyForDeploymentPostprocessing = 0;
		};
		ABB409BD2DDAC673008DCD0E /* Sources */ = {
			isa = PBXSourcesBuildPhase;
			buildActionMask = 2147483647;
			files = (
			);
			runOnlyForDeploymentPostprocessing = 0;
		};
		ABB409CC2DDAC674008DCD0E /* Sources */ = {
			isa = PBXSourcesBuildPhase;
			buildActionMask = 2147483647;
			files = (
			);
			runOnlyForDeploymentPostprocessing = 0;
		};
		ABB409D62DDAC674008DCD0E /* Sources */ = {
			isa = PBXSourcesBuildPhase;
			buildActionMask = 2147483647;
			files = (
			);
			runOnlyForDeploymentPostprocessing = 0;
		};
/* End PBXSourcesBuildPhase section */

/* Begin PBXTargetDependency section */
		ABB4099F2DDAC611008DCD0E /* PBXTargetDependency */ = {
			isa = PBXTargetDependency;
			target = ABB4098F2DDAC610008DCD0E /* HapticTimer */;
			targetProxy = ABB4099E2DDAC611008DCD0E /* PBXContainerItemProxy */;
		};
		ABB409A92DDAC611008DCD0E /* PBXTargetDependency */ = {
			isa = PBXTargetDependency;
			target = ABB4098F2DDAC610008DCD0E /* HapticTimer */;
			targetProxy = ABB409A82DDAC611008DCD0E /* PBXContainerItemProxy */;
		};
		ABB409C42DDAC673008DCD0E /* PBXTargetDependency */ = {
			isa = PBXTargetDependency;
			target = ABB409C02DDAC673008DCD0E /* HapticTimerWatch Watch App */;
			targetProxy = ABB409C32DDAC673008DCD0E /* PBXContainerItemProxy */;
		};
		ABB409D22DDAC674008DCD0E /* PBXTargetDependency */ = {
			isa = PBXTargetDependency;
			target = ABB409C02DDAC673008DCD0E /* HapticTimerWatch Watch App */;
			targetProxy = ABB409D12DDAC674008DCD0E /* PBXContainerItemProxy */;
		};
		ABB409DC2DDAC674008DCD0E /* PBXTargetDependency */ = {
			isa = PBXTargetDependency;
			target = ABB409C02DDAC673008DCD0E /* HapticTimerWatch Watch App */;
			targetProxy = ABB409DB2DDAC674008DCD0E /* PBXContainerItemProxy */;
		};
/* End PBXTargetDependency section */

/* Begin XCBuildConfiguration section */
		ABB409AF2DDAC611008DCD0E /* Debug */ = {
			isa = XCBuildConfiguration;
			buildSettings = {
				ALWAYS_SEARCH_USER_PATHS = NO;
				ASSETCATALOG_COMPILER_GENERATE_SWIFT_ASSET_SYMBOL_EXTENSIONS = YES;
				CLANG_ANALYZER_NONNULL = YES;
				CLANG_ANALYZER_NUMBER_OBJECT_CONVERSION = YES_AGGRESSIVE;
				CLANG_CXX_LANGUAGE_STANDARD = "gnu++20";
				CLANG_ENABLE_MODULES = YES;
				CLANG_ENABLE_OBJC_ARC = YES;
				CLANG_ENABLE_OBJC_WEAK = YES;
				CLANG_WARN_BLOCK_CAPTURE_AUTORELEASING = YES;
				CLANG_WARN_BOOL_CONVERSION = YES;
				CLANG_WARN_COMMA = YES;
				CLANG_WARN_CONSTANT_CONVERSION = YES;
				CLANG_WARN_DEPRECATED_OBJC_IMPLEMENTATIONS = YES;
				CLANG_WARN_DIRECT_OBJC_ISA_USAGE = YES_ERROR;
				CLANG_WARN_DOCUMENTATION_COMMENTS = YES;
				CLANG_WARN_EMPTY_BODY = YES;
				CLANG_WARN_ENUM_CONVERSION = YES;
				CLANG_WARN_INFINITE_RECURSION = YES;
				CLANG_WARN_INT_CONVERSION = YES;
				CLANG_WARN_NON_LITERAL_NULL_CONVERSION = YES;
				CLANG_WARN_OBJC_IMPLICIT_RETAIN_SELF = YES;
				CLANG_WARN_OBJC_LITERAL_CONVERSION = YES;
				CLANG_WARN_OBJC_ROOT_CLASS = YES_ERROR;
				CLANG_WARN_QUOTED_INCLUDE_IN_FRAMEWORK_HEADER = YES;
				CLANG_WARN_RANGE_LOOP_ANALYSIS = YES;
				CLANG_WARN_STRICT_PROTOTYPES = YES;
				CLANG_WARN_SUSPICIOUS_MOVE = YES;
				CLANG_WARN_UNGUARDED_AVAILABILITY = YES_AGGRESSIVE;
				CLANG_WARN_UNREACHABLE_CODE = YES;
				CLANG_WARN__DUPLICATE_METHOD_MATCH = YES;
				COPY_PHASE_STRIP = NO;
				DEBUG_INFORMATION_FORMAT = dwarf;
				DEVELOPMENT_TEAM = 5QLYWR2R9M;
				ENABLE_STRICT_OBJC_MSGSEND = YES;
				ENABLE_TESTABILITY = YES;
				ENABLE_USER_SCRIPT_SANDBOXING = YES;
				GCC_C_LANGUAGE_STANDARD = gnu17;
				GCC_DYNAMIC_NO_PIC = NO;
				GCC_NO_COMMON_BLOCKS = YES;
				GCC_OPTIMIZATION_LEVEL = 0;
				GCC_PREPROCESSOR_DEFINITIONS = (
					"DEBUG=1",
					"$(inherited)",
				);
				GCC_WARN_64_TO_32_BIT_CONVERSION = YES;
				GCC_WARN_ABOUT_RETURN_TYPE = YES_ERROR;
				GCC_WARN_UNDECLARED_SELECTOR = YES;
				GCC_WARN_UNINITIALIZED_AUTOS = YES_AGGRESSIVE;
				GCC_WARN_UNUSED_FUNCTION = YES;
				GCC_WARN_UNUSED_VARIABLE = YES;
				IPHONEOS_DEPLOYMENT_TARGET = 18.4;
				LOCALIZATION_PREFERS_STRING_CATALOGS = YES;
				MTL_ENABLE_DEBUG_INFO = INCLUDE_SOURCE;
				MTL_FAST_MATH = YES;
				ONLY_ACTIVE_ARCH = YES;
				SDKROOT = iphoneos;
				SWIFT_ACTIVE_COMPILATION_CONDITIONS = "DEBUG $(inherited)";
				SWIFT_OPTIMIZATION_LEVEL = "-Onone";
			};
			name = Debug;
		};
		ABB409B02DDAC611008DCD0E /* Release */ = {
			isa = XCBuildConfiguration;
			buildSettings = {
				ALWAYS_SEARCH_USER_PATHS = NO;
				ASSETCATALOG_COMPILER_GENERATE_SWIFT_ASSET_SYMBOL_EXTENSIONS = YES;
				CLANG_ANALYZER_NONNULL = YES;
				CLANG_ANALYZER_NUMBER_OBJECT_CONVERSION = YES_AGGRESSIVE;
				CLANG_CXX_LANGUAGE_STANDARD = "gnu++20";
				CLANG_ENABLE_MODULES = YES;
				CLANG_ENABLE_OBJC_ARC = YES;
				CLANG_ENABLE_OBJC_WEAK = YES;
				CLANG_WARN_BLOCK_CAPTURE_AUTORELEASING = YES;
				CLANG_WARN_BOOL_CONVERSION = YES;
				CLANG_WARN_COMMA = YES;
				CLANG_WARN_CONSTANT_CONVERSION = YES;
				CLANG_WARN_DEPRECATED_OBJC_IMPLEMENTATIONS = YES;
				CLANG_WARN_DIRECT_OBJC_ISA_USAGE = YES_ERROR;
				CLANG_WARN_DOCUMENTATION_COMMENTS = YES;
				CLANG_WARN_EMPTY_BODY = YES;
				CLANG_WARN_ENUM_CONVERSION = YES;
				CLANG_WARN_INFINITE_RECURSION = YES;
				CLANG_WARN_INT_CONVERSION = YES;
				CLANG_WARN_NON_LITERAL_NULL_CONVERSION = YES;
				CLANG_WARN_OBJC_IMPLICIT_RETAIN_SELF = YES;
				CLANG_WARN_OBJC_LITERAL_CONVERSION = YES;
				CLANG_WARN_OBJC_ROOT_CLASS = YES_ERROR;
				CLANG_WARN_QUOTED_INCLUDE_IN_FRAMEWORK_HEADER = YES;
				CLANG_WARN_RANGE_LOOP_ANALYSIS = YES;
				CLANG_WARN_STRICT_PROTOTYPES = YES;
				CLANG_WARN_SUSPICIOUS_MOVE = YES;
				CLANG_WARN_UNGUARDED_AVAILABILITY = YES_AGGRESSIVE;
				CLANG_WARN_UNREACHABLE_CODE = YES;
				CLANG_WARN__DUPLICATE_METHOD_MATCH = YES;
				COPY_PHASE_STRIP = NO;
				DEBUG_INFORMATION_FORMAT = "dwarf-with-dsym";
				DEVELOPMENT_TEAM = 5QLYWR2R9M;
				ENABLE_NS_ASSERTIONS = NO;
				ENABLE_STRICT_OBJC_MSGSEND = YES;
				ENABLE_USER_SCRIPT_SANDBOXING = YES;
				GCC_C_LANGUAGE_STANDARD = gnu17;
				GCC_NO_COMMON_BLOCKS = YES;
				GCC_WARN_64_TO_32_BIT_CONVERSION = YES;
				GCC_WARN_ABOUT_RETURN_TYPE = YES_ERROR;
				GCC_WARN_UNDECLARED_SELECTOR = YES;
				GCC_WARN_UNINITIALIZED_AUTOS = YES_AGGRESSIVE;
				GCC_WARN_UNUSED_FUNCTION = YES;
				GCC_WARN_UNUSED_VARIABLE = YES;
				IPHONEOS_DEPLOYMENT_TARGET = 18.4;
				LOCALIZATION_PREFERS_STRING_CATALOGS = YES;
				MTL_ENABLE_DEBUG_INFO = NO;
				MTL_FAST_MATH = YES;
				SDKROOT = iphoneos;
				SWIFT_COMPILATION_MODE = wholemodule;
				VALIDATE_PRODUCT = YES;
			};
			name = Release;
		};
		ABB409B22DDAC611008DCD0E /* Debug */ = {
			isa = XCBuildConfiguration;
			buildSettings = {
				ASSETCATALOG_COMPILER_APPICON_NAME = AppIcon;
				ASSETCATALOG_COMPILER_GLOBAL_ACCENT_COLOR_NAME = AccentColor;
				CODE_SIGN_STYLE = Automatic;
				CURRENT_PROJECT_VERSION = 1;
				DEVELOPMENT_TEAM = 5QLYWR2R9M;
				ENABLE_PREVIEWS = YES;
				GENERATE_INFOPLIST_FILE = YES;
				INFOPLIST_KEY_UIApplicationSceneManifest_Generation = YES;
				INFOPLIST_KEY_UIApplicationSupportsIndirectInputEvents = YES;
				INFOPLIST_KEY_UILaunchScreen_Generation = YES;
				INFOPLIST_KEY_UISupportedInterfaceOrientations_iPad = "UIInterfaceOrientationPortrait UIInterfaceOrientationPortraitUpsideDown UIInterfaceOrientationLandscapeLeft UIInterfaceOrientationLandscapeRight";
				INFOPLIST_KEY_UISupportedInterfaceOrientations_iPhone = "UIInterfaceOrientationPortrait UIInterfaceOrientationLandscapeLeft UIInterfaceOrientationLandscapeRight";
				LD_RUNPATH_SEARCH_PATHS = (
					"$(inherited)",
					"@executable_path/Frameworks",
				);
				MARKETING_VERSION = 1.0;
				PRODUCT_BUNDLE_IDENTIFIER = com.AnomalousResearch.HapticTimer;
				PRODUCT_NAME = "$(TARGET_NAME)";
				SWIFT_EMIT_LOC_STRINGS = YES;
				SWIFT_VERSION = 5.0;
				TARGETED_DEVICE_FAMILY = "1,2";
			};
			name = Debug;
		};
		ABB409B32DDAC611008DCD0E /* Release */ = {
			isa = XCBuildConfiguration;
			buildSettings = {
				ASSETCATALOG_COMPILER_APPICON_NAME = AppIcon;
				ASSETCATALOG_COMPILER_GLOBAL_ACCENT_COLOR_NAME = AccentColor;
				CODE_SIGN_STYLE = Automatic;
				CURRENT_PROJECT_VERSION = 1;
				DEVELOPMENT_TEAM = 5QLYWR2R9M;
				ENABLE_PREVIEWS = YES;
				GENERATE_INFOPLIST_FILE = YES;
				INFOPLIST_KEY_UIApplicationSceneManifest_Generation = YES;
				INFOPLIST_KEY_UIApplicationSupportsIndirectInputEvents = YES;
				INFOPLIST_KEY_UILaunchScreen_Generation = YES;
				INFOPLIST_KEY_UISupportedInterfaceOrientations_iPad = "UIInterfaceOrientationPortrait UIInterfaceOrientationPortraitUpsideDown UIInterfaceOrientationLandscapeLeft UIInterfaceOrientationLandscapeRight";
				INFOPLIST_KEY_UISupportedInterfaceOrientations_iPhone = "UIInterfaceOrientationPortrait UIInterfaceOrientationLandscapeLeft UIInterfaceOrientationLandscapeRight";
				LD_RUNPATH_SEARCH_PATHS = (
					"$(inherited)",
					"@executable_path/Frameworks",
				);
				MARKETING_VERSION = 1.0;
				PRODUCT_BUNDLE_IDENTIFIER = com.AnomalousResearch.HapticTimer;
				PRODUCT_NAME = "$(TARGET_NAME)";
				SWIFT_EMIT_LOC_STRINGS = YES;
				SWIFT_VERSION = 5.0;
				TARGETED_DEVICE_FAMILY = "1,2";
			};
			name = Release;
		};
		ABB409B52DDAC611008DCD0E /* Debug */ = {
			isa = XCBuildConfiguration;
			buildSettings = {
				BUNDLE_LOADER = "$(TEST_HOST)";
				CODE_SIGN_STYLE = Automatic;
				CURRENT_PROJECT_VERSION = 1;
				DEVELOPMENT_TEAM = 5QLYWR2R9M;
				GENERATE_INFOPLIST_FILE = YES;
				IPHONEOS_DEPLOYMENT_TARGET = 18.4;
				MARKETING_VERSION = 1.0;
				PRODUCT_BUNDLE_IDENTIFIER = com.AnomalousResearch.HapticTimerTests;
				PRODUCT_NAME = "$(TARGET_NAME)";
				SWIFT_EMIT_LOC_STRINGS = NO;
				SWIFT_VERSION = 5.0;
				TARGETED_DEVICE_FAMILY = "1,2";
				TEST_HOST = "$(BUILT_PRODUCTS_DIR)/HapticTimer.app/$(BUNDLE_EXECUTABLE_FOLDER_PATH)/HapticTimer";
			};
			name = Debug;
		};
		ABB409B62DDAC611008DCD0E /* Release */ = {
			isa = XCBuildConfiguration;
			buildSettings = {
				BUNDLE_LOADER = "$(TEST_HOST)";
				CODE_SIGN_STYLE = Automatic;
				CURRENT_PROJECT_VERSION = 1;
				DEVELOPMENT_TEAM = 5QLYWR2R9M;
				GENERATE_INFOPLIST_FILE = YES;
				IPHONEOS_DEPLOYMENT_TARGET = 18.4;
				MARKETING_VERSION = 1.0;
				PRODUCT_BUNDLE_IDENTIFIER = com.AnomalousResearch.HapticTimerTests;
				PRODUCT_NAME = "$(TARGET_NAME)";
				SWIFT_EMIT_LOC_STRINGS = NO;
				SWIFT_VERSION = 5.0;
				TARGETED_DEVICE_FAMILY = "1,2";
				TEST_HOST = "$(BUILT_PRODUCTS_DIR)/HapticTimer.app/$(BUNDLE_EXECUTABLE_FOLDER_PATH)/HapticTimer";
			};
			name = Release;
		};
		ABB409B82DDAC611008DCD0E /* Debug */ = {
			isa = XCBuildConfiguration;
			buildSettings = {
				CODE_SIGN_STYLE = Automatic;
				CURRENT_PROJECT_VERSION = 1;
				DEVELOPMENT_TEAM = 5QLYWR2R9M;
				GENERATE_INFOPLIST_FILE = YES;
				MARKETING_VERSION = 1.0;
				PRODUCT_BUNDLE_IDENTIFIER = com.AnomalousResearch.HapticTimerUITests;
				PRODUCT_NAME = "$(TARGET_NAME)";
				SWIFT_EMIT_LOC_STRINGS = NO;
				SWIFT_VERSION = 5.0;
				TARGETED_DEVICE_FAMILY = "1,2";
				TEST_TARGET_NAME = HapticTimer;
			};
			name = Debug;
		};
		ABB409B92DDAC611008DCD0E /* Release */ = {
			isa = XCBuildConfiguration;
			buildSettings = {
				CODE_SIGN_STYLE = Automatic;
				CURRENT_PROJECT_VERSION = 1;
				DEVELOPMENT_TEAM = 5QLYWR2R9M;
				GENERATE_INFOPLIST_FILE = YES;
				MARKETING_VERSION = 1.0;
				PRODUCT_BUNDLE_IDENTIFIER = com.AnomalousResearch.HapticTimerUITests;
				PRODUCT_NAME = "$(TARGET_NAME)";
				SWIFT_EMIT_LOC_STRINGS = NO;
				SWIFT_VERSION = 5.0;
				TARGETED_DEVICE_FAMILY = "1,2";
				TEST_TARGET_NAME = HapticTimer;
			};
			name = Release;
		};
		ABB409E32DDAC675008DCD0E /* Debug */ = {
			isa = XCBuildConfiguration;
			buildSettings = {
				ASSETCATALOG_COMPILER_APPICON_NAME = AppIcon;
				ASSETCATALOG_COMPILER_GLOBAL_ACCENT_COLOR_NAME = AccentColor;
				CODE_SIGN_STYLE = Automatic;
				CURRENT_PROJECT_VERSION = 1;
				DEVELOPMENT_TEAM = 5QLYWR2R9M;
				ENABLE_PREVIEWS = YES;
				GENERATE_INFOPLIST_FILE = YES;
				INFOPLIST_KEY_CFBundleDisplayName = HapticTimerWatch;
				INFOPLIST_KEY_UISupportedInterfaceOrientations = "UIInterfaceOrientationPortrait UIInterfaceOrientationPortraitUpsideDown";
				INFOPLIST_KEY_WKWatchOnly = YES;
				LD_RUNPATH_SEARCH_PATHS = (
					"$(inherited)",
					"@executable_path/Frameworks",
				);
				MARKETING_VERSION = 1.0;
				PRODUCT_BUNDLE_IDENTIFIER = com.AnomalousResearch.HapticTimerWatch.watchkitapp;
				PRODUCT_NAME = "$(TARGET_NAME)";
				SDKROOT = watchos;
				SKIP_INSTALL = YES;
				SWIFT_EMIT_LOC_STRINGS = YES;
				SWIFT_VERSION = 5.0;
				TARGETED_DEVICE_FAMILY = 4;
				WATCHOS_DEPLOYMENT_TARGET = 11.4;
			};
			name = Debug;
		};
		ABB409E42DDAC675008DCD0E /* Release */ = {
			isa = XCBuildConfiguration;
			buildSettings = {
				ASSETCATALOG_COMPILER_APPICON_NAME = AppIcon;
				ASSETCATALOG_COMPILER_GLOBAL_ACCENT_COLOR_NAME = AccentColor;
				CODE_SIGN_STYLE = Automatic;
				CURRENT_PROJECT_VERSION = 1;
				DEVELOPMENT_TEAM = 5QLYWR2R9M;
				ENABLE_PREVIEWS = YES;
				GENERATE_INFOPLIST_FILE = YES;
				INFOPLIST_KEY_CFBundleDisplayName = HapticTimerWatch;
				INFOPLIST_KEY_UISupportedInterfaceOrientations = "UIInterfaceOrientationPortrait UIInterfaceOrientationPortraitUpsideDown";
				INFOPLIST_KEY_WKWatchOnly = YES;
				LD_RUNPATH_SEARCH_PATHS = (
					"$(inherited)",
					"@executable_path/Frameworks",
				);
				MARKETING_VERSION = 1.0;
				PRODUCT_BUNDLE_IDENTIFIER = com.AnomalousResearch.HapticTimerWatch.watchkitapp;
				PRODUCT_NAME = "$(TARGET_NAME)";
				SDKROOT = watchos;
				SKIP_INSTALL = YES;
				SWIFT_EMIT_LOC_STRINGS = YES;
				SWIFT_VERSION = 5.0;
				TARGETED_DEVICE_FAMILY = 4;
				WATCHOS_DEPLOYMENT_TARGET = 11.4;
			};
			name = Release;
		};
		ABB409E72DDAC675008DCD0E /* Debug */ = {
			isa = XCBuildConfiguration;
			buildSettings = {
				CODE_SIGN_STYLE = Automatic;
				CURRENT_PROJECT_VERSION = 1;
				DEVELOPMENT_TEAM = 5QLYWR2R9M;
				INFOPLIST_KEY_CFBundleDisplayName = HapticTimerWatch;
				MARKETING_VERSION = 1.0;
				PRODUCT_BUNDLE_IDENTIFIER = com.AnomalousResearch.HapticTimerWatch;
				PRODUCT_NAME = "$(TARGET_NAME)";
				SWIFT_VERSION = 5.0;
			};
			name = Debug;
		};
		ABB409E82DDAC675008DCD0E /* Release */ = {
			isa = XCBuildConfiguration;
			buildSettings = {
				CODE_SIGN_STYLE = Automatic;
				CURRENT_PROJECT_VERSION = 1;
				DEVELOPMENT_TEAM = 5QLYWR2R9M;
				INFOPLIST_KEY_CFBundleDisplayName = HapticTimerWatch;
				MARKETING_VERSION = 1.0;
				PRODUCT_BUNDLE_IDENTIFIER = com.AnomalousResearch.HapticTimerWatch;
				PRODUCT_NAME = "$(TARGET_NAME)";
				SWIFT_VERSION = 5.0;
			};
			name = Release;
		};
		ABB409EA2DDAC675008DCD0E /* Debug */ = {
			isa = XCBuildConfiguration;
			buildSettings = {
				BUNDLE_LOADER = "$(TEST_HOST)";
				CODE_SIGN_STYLE = Automatic;
				CURRENT_PROJECT_VERSION = 1;
				DEVELOPMENT_TEAM = 5QLYWR2R9M;
				GENERATE_INFOPLIST_FILE = YES;
				MARKETING_VERSION = 1.0;
				PRODUCT_BUNDLE_IDENTIFIER = "com.AnomalousResearch.HapticTimerWatch-Watch-AppTests";
				PRODUCT_NAME = "$(TARGET_NAME)";
				SDKROOT = watchos;
				SWIFT_EMIT_LOC_STRINGS = NO;
				SWIFT_VERSION = 5.0;
				TARGETED_DEVICE_FAMILY = 4;
				TEST_HOST = "$(BUILT_PRODUCTS_DIR)/HapticTimerWatch Watch App.app/$(BUNDLE_EXECUTABLE_FOLDER_PATH)/HapticTimerWatch Watch App";
				WATCHOS_DEPLOYMENT_TARGET = 11.4;
			};
			name = Debug;
		};
		ABB409EB2DDAC675008DCD0E /* Release */ = {
			isa = XCBuildConfiguration;
			buildSettings = {
				BUNDLE_LOADER = "$(TEST_HOST)";
				CODE_SIGN_STYLE = Automatic;
				CURRENT_PROJECT_VERSION = 1;
				DEVELOPMENT_TEAM = 5QLYWR2R9M;
				GENERATE_INFOPLIST_FILE = YES;
				MARKETING_VERSION = 1.0;
				PRODUCT_BUNDLE_IDENTIFIER = "com.AnomalousResearch.HapticTimerWatch-Watch-AppTests";
				PRODUCT_NAME = "$(TARGET_NAME)";
				SDKROOT = watchos;
				SWIFT_EMIT_LOC_STRINGS = NO;
				SWIFT_VERSION = 5.0;
				TARGETED_DEVICE_FAMILY = 4;
				TEST_HOST = "$(BUILT_PRODUCTS_DIR)/HapticTimerWatch Watch App.app/$(BUNDLE_EXECUTABLE_FOLDER_PATH)/HapticTimerWatch Watch App";
				WATCHOS_DEPLOYMENT_TARGET = 11.4;
			};
			name = Release;
		};
		ABB409ED2DDAC675008DCD0E /* Debug */ = {
			isa = XCBuildConfiguration;
			buildSettings = {
				CODE_SIGN_STYLE = Automatic;
				CURRENT_PROJECT_VERSION = 1;
				DEVELOPMENT_TEAM = 5QLYWR2R9M;
				GENERATE_INFOPLIST_FILE = YES;
				MARKETING_VERSION = 1.0;
				PRODUCT_BUNDLE_IDENTIFIER = "com.AnomalousResearch.HapticTimerWatch-Watch-AppUITests";
				PRODUCT_NAME = "$(TARGET_NAME)";
				SDKROOT = watchos;
				SWIFT_EMIT_LOC_STRINGS = NO;
				SWIFT_VERSION = 5.0;
				TARGETED_DEVICE_FAMILY = 4;
				TEST_TARGET_NAME = "HapticTimerWatch Watch App";
				WATCHOS_DEPLOYMENT_TARGET = 11.4;
			};
			name = Debug;
		};
		ABB409EE2DDAC675008DCD0E /* Release */ = {
			isa = XCBuildConfiguration;
			buildSettings = {
				CODE_SIGN_STYLE = Automatic;
				CURRENT_PROJECT_VERSION = 1;
				DEVELOPMENT_TEAM = 5QLYWR2R9M;
				GENERATE_INFOPLIST_FILE = YES;
				MARKETING_VERSION = 1.0;
				PRODUCT_BUNDLE_IDENTIFIER = "com.AnomalousResearch.HapticTimerWatch-Watch-AppUITests";
				PRODUCT_NAME = "$(TARGET_NAME)";
				SDKROOT = watchos;
				SWIFT_EMIT_LOC_STRINGS = NO;
				SWIFT_VERSION = 5.0;
				TARGETED_DEVICE_FAMILY = 4;
				TEST_TARGET_NAME = "HapticTimerWatch Watch App";
				WATCHOS_DEPLOYMENT_TARGET = 11.4;
			};
			name = Release;
		};
/* End XCBuildConfiguration section */

/* Begin XCConfigurationList section */
		ABB4098B2DDAC610008DCD0E /* Build configuration list for PBXProject "HapticTimer" */ = {
			isa = XCConfigurationList;
			buildConfigurations = (
				ABB409AF2DDAC611008DCD0E /* Debug */,
				ABB409B02DDAC611008DCD0E /* Release */,
			);
			defaultConfigurationIsVisible = 0;
			defaultConfigurationName = Release;
		};
		ABB409B12DDAC611008DCD0E /* Build configuration list for PBXNativeTarget "HapticTimer" */ = {
			isa = XCConfigurationList;
			buildConfigurations = (
				ABB409B22DDAC611008DCD0E /* Debug */,
				ABB409B32DDAC611008DCD0E /* Release */,
			);
			defaultConfigurationIsVisible = 0;
			defaultConfigurationName = Release;
		};
		ABB409B42DDAC611008DCD0E /* Build configuration list for PBXNativeTarget "HapticTimerTests" */ = {
			isa = XCConfigurationList;
			buildConfigurations = (
				ABB409B52DDAC611008DCD0E /* Debug */,
				ABB409B62DDAC611008DCD0E /* Release */,
			);
			defaultConfigurationIsVisible = 0;
			defaultConfigurationName = Release;
		};
		ABB409B72DDAC611008DCD0E /* Build configuration list for PBXNativeTarget "HapticTimerUITests" */ = {
			isa = XCConfigurationList;
			buildConfigurations = (
				ABB409B82DDAC611008DCD0E /* Debug */,
				ABB409B92DDAC611008DCD0E /* Release */,
			);
			defaultConfigurationIsVisible = 0;
			defaultConfigurationName = Release;
		};
		ABB409E22DDAC675008DCD0E /* Build configuration list for PBXNativeTarget "HapticTimerWatch Watch App" */ = {
			isa = XCConfigurationList;
			buildConfigurations = (
				ABB409E32DDAC675008DCD0E /* Debug */,
				ABB409E42DDAC675008DCD0E /* Release */,
			);
			defaultConfigurationIsVisible = 0;
			defaultConfigurationName = Release;
		};
		ABB409E62DDAC675008DCD0E /* Build configuration list for PBXNativeTarget "HapticTimerWatch" */ = {
			isa = XCConfigurationList;
			buildConfigurations = (
				ABB409E72DDAC675008DCD0E /* Debug */,
				ABB409E82DDAC675008DCD0E /* Release */,
			);
			defaultConfigurationIsVisible = 0;
			defaultConfigurationName = Release;
		};
		ABB409E92DDAC675008DCD0E /* Build configuration list for PBXNativeTarget "HapticTimerWatch Watch AppTests" */ = {
			isa = XCConfigurationList;
			buildConfigurations = (
				ABB409EA2DDAC675008DCD0E /* Debug */,
				ABB409EB2DDAC675008DCD0E /* Release */,
			);
			defaultConfigurationIsVisible = 0;
			defaultConfigurationName = Release;
		};
		ABB409EC2DDAC675008DCD0E /* Build configuration list for PBXNativeTarget "HapticTimerWatch Watch AppUITests" */ = {
			isa = XCConfigurationList;
			buildConfigurations = (
				ABB409ED2DDAC675008DCD0E /* Debug */,
				ABB409EE2DDAC675008DCD0E /* Release */,
			);
			defaultConfigurationIsVisible = 0;
			defaultConfigurationName = Release;
		};
/* End XCConfigurationList section */
	};
	rootObject = ABB409882DDAC610008DCD0E /* Project object */;
}
